github.com/chzyer/logex v1.1.10 h1:Swpa1K6QvQznwJRcfTfQJmTE72DqScAa40E+fbHEXEE=
github.com/chzyer/logex v1.1.10/go.mod h1:+Ywpsq7O8HXn0nuIou7OrIPyXbp3wmkHB+jjWRnGsAI=
github.com/chzyer/test v0.0.0-20180213035817-a1ea475d72b1 h1:q763qf9huN11kDQavWsoZXJNW3xEE4JJyHa5Q25/sd8=
github.com/chzyer/test v0.0.0-20180213035817-a1ea475d72b1/go.mod h1:Q3SI9o4m/ZMnBNeIyt5eFwwo7qiLfzFZmjNmxjkiQlU=
golang.org/x/sys v0.0.0-20180810173357-98c5dad5d1a0 h1:8H8QZJ30plJyIVj60H3lr8TZGIq2Fh3Cyrs/ZNg1foU=
golang.org/x/sys v0.0.0-20180810173357-98c5dad5d1a0/go.mod h1:STP8DvDyc/dI5b8T5hshtkjS+E42TnysNCUPdjciGhY=
golang.org/x/sys v0.0.0-20210104204734-6f8348627aad h1:MCsdmFSdEd4UEa5TKS5JztCRHK/WtvNei1edOj5RSRo=
golang.org/x/sys v0.0.0-20210104204734-6f8348627aad/go.mod h1:h1NjWce9XRLGQEsW7wpKNCjG9DtNlClVuFLEZdDNbEs=
